
Microsoft Visual Studio Solution File, Format Version 12.00
# Visual Studio Version 17
VisualStudioVersion = 17.4.33213.308
MinimumVisualStudioVersion = 10.0.40219.1
Project("{FAE04EC0-301F-11D3-BF4B-00C04F79EFBC}") = "GameUI", "GameUI\GameUI.csproj", "{72AB5006-EAE7-4016-A772-D57095580534}"
EndProject
Project("{FAE04EC0-301F-11D3-BF4B-00C04F79EFBC}") = "GameLogic", "GameLogic\GameLogic.csproj", "{3FFF60CD-5C06-4B69-B01E-7F8B49A16112}"
EndProject
Global
	GlobalSection(SolutionConfigurationPlatforms) = preSolution
		Debug|Any CPU = Debug|Any CPU
		Release|Any CPU = Release|Any CPU
	EndGlobalSection
	GlobalSection(ProjectConfigurationPlatforms) = postSolution
		{72AB5006-EAE7-4016-A772-D57095580534}.Debug|Any CPU.ActiveCfg = Debug|Any CPU
		{72AB5006-EAE7-4016-A772-D57095580534}.Debug|Any CPU.Build.0 = Debug|Any CPU
		{72AB5006-EAE7-4016-A772-D57095580534}.Release|Any CPU.ActiveCfg = Release|Any CPU
		{72AB5006-EAE7-4016-A772-D57095580534}.Release|Any CPU.Build.0 = Release|Any CPU
		{3FFF60CD-5C06-4B69-B01E-7F8B49A16112}.Debug|Any CPU.ActiveCfg = Debug|Any CPU
		{3FFF60CD-5C06-4B69-B01E-7F8B49A16112}.Debug|Any CPU.Build.0 = Debug|Any CPU
		{3FFF60CD-5C06-4B69-B01E-7F8B49A16112}.Release|Any CPU.ActiveCfg = Release|Any CPU
		{3FFF60CD-5C06-4B69-B01E-7F8B49A16112}.Release|Any CPU.Build.0 = Release|Any CPU
	EndGlobalSection
	GlobalSection(SolutionProperties) = preSolution
		HideSolutionNode = FALSE
	EndGlobalSection
	GlobalSection(ExtensibilityGlobals) = postSolution
		SolutionGuid = {AED42D37-3364-452A-8928-83C83A31DB97}
	EndGlobalSection
EndGlobal
